# This file is autogenerated, do not edit; changes may be undone by the next 'dep ensure'.


[[projects]]
  branch = "master"
  digest = "1:eab24c0bff71901691268c501111fa83db5d0b0c432b5b5882405a98106ed4d4"
  name = "github.com/genuinetools/pkg"
  packages = ["cli"]
  pruneopts = "NUT"
  revision = "e057fa50f23480b1a16b04c37e72d34f6360e600"

[[projects]]
  branch = "master"
  digest = "1:bc8d2c3338ff1001e4c5af3c626c14986615e6e1e617c2a4dda27432fde93465"
  name = "github.com/moby/buildkit"
  packages = [
    "frontend/dockerfile/command",
    "frontend/dockerfile/parser",
  ]
  pruneopts = "NUT"
  revision = "628681f8e4aa33e987e4c9519fbacb292dd188a3"

[[projects]]
  digest = "1:5cf3f025cbee5951a4ee961de067c8a89fc95a5adabead774f82822efabab121"
  name = "github.com/pkg/errors"
  packages = ["."]
  pruneopts = "NUT"
  revision = "645ef00459ed84a119197bfb8d8205042c6df63d"
  version = "v0.8.0"

[[projects]]
  digest = "1:6989062eb7ccf25cf38bf4fe3dba097ee209f896cda42cefdca3927047bef7b6"
  name = "github.com/sirupsen/logrus"
  packages = ["."]
  pruneopts = "NUT"
  revision = "c155da19408a8799da419ed3eeb0cb5db0ad5dbc"
  version = "v1.0.5"

[[projects]]
  branch = "master"
  digest = "1:3f3a05ae0b95893d90b9b3b5afdb79a9b3d96e4e36e099d841ae602e4aca0da8"
  name = "golang.org/x/crypto"
  packages = ["ssh/terminal"]
  pruneopts = "NUT"
  revision = "a49355c7e3f8fe157a85be2f77e6e269a0f89602"

[[projects]]
  branch = "master"
  digest = "1:64107e3c8f52f341891a565d117bf263ed396fe0c16bad19634b25be25debfaa"
  name = "golang.org/x/sys"
  packages = [
    "unix",
    "windows",
  ]
  pruneopts = "NUT"
  revision = "ac767d655b305d4e9612f5f6e33120b9176c4ad4"

[solve-meta]
  analyzer-name = "dep"
  analyzer-version = 1
  input-imports = [
    "github.com/genuinetools/pkg/cli",
    "github.com/moby/buildkit/frontend/dockerfile/parser",
    "github.com/sirupsen/logrus",
  ]
  solver-name = "gps-cdcl"
  solver-version = 1
