# This file is autogenerated, do not edit; changes may be undone by the next 'dep ensure'.


[[projects]]
  name = "github.com/Microsoft/go-winio"
  packages = ["."]
  revision = "78439966b38d69bf38227fbf57ac8a6fee70f69a"
  version = "v0.4.5"

[[projects]]
  branch = "master"
  name = "github.com/containerd/continuity"
  packages = ["pathdriver"]
  revision = "b2b946a77f5973f420514090d6f6dd58b08303f0"

[[projects]]
  branch = "master"
  name = "github.com/docker/docker"
  packages = [
    "builder/dockerfile/command",
    "builder/dockerfile/parser",
    "pkg/mount",
    "pkg/system"
  ]
  revision = "431d3d6756f69a84d23ef45186082be1ed93c151"

[[projects]]
  name = "github.com/docker/go-units"
  packages = ["."]
  revision = "0dadbb0345b35ec7ef35e228dabb8de89a65bf52"
  version = "v0.3.2"

[[projects]]
  name = "github.com/opencontainers/go-digest"
  packages = ["."]
  revision = "279bed98673dd5bef374d3b6e4b09e2af76183bf"
  version = "v1.0.0-rc1"

[[projects]]
  name = "github.com/opencontainers/image-spec"
  packages = [
    "specs-go",
    "specs-go/v1"
  ]
  revision = "d60099175f88c47cd379c4738d158884749ed235"
  version = "v1.0.1"

[[projects]]
  name = "github.com/pkg/errors"
  packages = ["."]
  revision = "645ef00459ed84a119197bfb8d8205042c6df63d"
  version = "v0.8.0"

[[projects]]
  name = "github.com/sirupsen/logrus"
  packages = ["."]
  revision = "d682213848ed68c0a260ca37d6dd5ace8423f5ba"
  version = "v1.0.4"

[[projects]]
  name = "github.com/urfave/cli"
  packages = ["."]
  revision = "cfb38830724cc34fedffe9a2a29fb54fa9169cd1"
  version = "v1.20.0"

[[projects]]
  branch = "master"
  name = "golang.org/x/crypto"
  packages = ["ssh/terminal"]
  revision = "0fcca4842a8d74bfddc2c96a073bd2a4d2a7a2e8"

[[projects]]
  branch = "master"
  name = "golang.org/x/sys"
  packages = [
    "unix",
    "windows"
  ]
  revision = "83801418e1b59fb1880e363299581ee543af32ca"

[solve-meta]
  analyzer-name = "dep"
  analyzer-version = 1
  inputs-digest = "f138abe56bc9ea308ed02e99426a81bf6fcb59f7e346e0ce006caad742ad3567"
  solver-name = "gps-cdcl"
  solver-version = 1
